
Microsoft Visual Studio Solution File, Format Version 12.00
Project("{FAE04EC0-301F-11D3-BF4B-00C04F79EFBC}") = "AI.Tests", "AI.Tests\AI.Tests.csproj", "{19E2BDC4-4C54-4B6D-BA9C-0F69520C642C}"
EndProject
Global
	GlobalSection(SolutionConfigurationPlatforms) = preSolution
		Debug|Any CPU = Debug|Any CPU
		Release|Any CPU = Release|Any CPU
	EndGlobalSection
	GlobalSection(ProjectConfigurationPlatforms) = postSolution
		{19E2BDC4-4C54-4B6D-BA9C-0F69520C642C}.Debug|Any CPU.ActiveCfg = Debug|Any CPU
		{19E2BDC4-4C54-4B6D-BA9C-0F69520C642C}.Debug|Any CPU.Build.0 = Debug|Any CPU
		{19E2BDC4-4C54-4B6D-BA9C-0F69520C642C}.Release|Any CPU.ActiveCfg = Release|Any CPU
		{19E2BDC4-4C54-4B6D-BA9C-0F69520C642C}.Release|Any CPU.Build.0 = Release|Any CPU
	EndGlobalSection
EndGlobal
